# Generated by pub
# See https://dart.dev/tools/pub/glossary#lockfile
packages:
  _flutterfire_internals:
    dependency: transitive
    description:
      name: _flutterfire_internals
      sha256: a742f71d7f3484253a623b30e19256aa4668ecbb3de6ad1beb0bcf8d4777ecd8
      url: "https://pub.dev"
    source: hosted
    version: "1.3.3"
  args:
    dependency: transitive
    description:
      name: args
      sha256: eef6c46b622e0494a36c5a12d10d77fb4e855501a91c1b9ef9339326e58f0596
      url: "https://pub.dev"
    source: hosted
    version: "2.4.2"
  async:
    dependency: transitive
    description:
      name: async
      sha256: "947bfcf187f74dbc5e146c9eb9c0f10c9f8b30743e341481c1e2ed3ecc18c20c"
      url: "https://pub.dev"
    source: hosted
    version: "2.11.0"
  benchmark:
    dependency: transitive
    description:
      name: benchmark
      sha256: cb3eeea01e3f054df76ee9775ca680f3afa5f19f39b2bb426ba78ba27654493b
      url: "https://pub.dev"
    source: hosted
    version: "0.3.0"
  boolean_selector:
    dependency: transitive
    description:
      name: boolean_selector
      sha256: "6cfb5af12253eaf2b368f07bacc5a80d1301a071c73360d746b7f2e32d762c66"
      url: "https://pub.dev"
    source: hosted
    version: "2.1.1"
  characters:
    dependency: transitive
    description:
      name: characters
      sha256: "04a925763edad70e8443c99234dc3328f442e811f1d8fd1a72f1c8ad0f69a605"
      url: "https://pub.dev"
    source: hosted
    version: "1.3.0"
  clock:
    dependency: transitive
    description:
      name: clock
      sha256: cb6d7f03e1de671e34607e909a7213e31d7752be4fb66a86d29fe1eb14bfb5cf
      url: "https://pub.dev"
    source: hosted
    version: "1.1.1"
  cloud_firestore:
    dependency: "direct main"
    description:
      name: cloud_firestore
      sha256: "5bbc1f5bffa79af54ca035b92b57f81c6fb35ee5471ead67e29c8e12de8432f8"
      url: "https://pub.dev"
    source: hosted
    version: "4.8.2"
  cloud_firestore_platform_interface:
    dependency: transitive
    description:
      name: cloud_firestore_platform_interface
      sha256: "8e0aafeb727087f84710275d59a101b2acf2290ffbb3b111aab70423f8350d5d"
      url: "https://pub.dev"
    source: hosted
    version: "5.15.2"
  cloud_firestore_web:
    dependency: transitive
    description:
      name: cloud_firestore_web
      sha256: bbf0ebb9d1e9251caa00e8727389313c64cb4240c1c31f895971c52d0c782316
      url: "https://pub.dev"
    source: hosted
    version: "3.6.2"
  collection:
    dependency: transitive
    description:
      name: collection
      sha256: ee67cb0715911d28db6bf4af1026078bd6f0128b07a5f66fb2ed94ec6783c09a
      url: "https://pub.dev"
    source: hosted
    version: "1.18.0"
  cross_file:
    dependency: transitive
    description:
      name: cross_file
      sha256: "0b0036e8cccbfbe0555fd83c1d31a6f30b77a96b598b35a5d36dd41f718695e9"
      url: "https://pub.dev"
    source: hosted
    version: "0.3.3+4"
  crypto:
    dependency: transitive
    description:
      name: crypto
      sha256: ff625774173754681d66daaf4a448684fb04b78f902da9cb3d308c19cc5e8bab
      url: "https://pub.dev"
    source: hosted
    version: "3.0.3"
  cupertino_icons:
    dependency: "direct main"
    description:
      name: cupertino_icons
      sha256: e35129dc44c9118cee2a5603506d823bab99c68393879edb440e0090d07586be
      url: "https://pub.dev"
    source: hosted
    version: "1.0.5"
  custom_rating_bar:
    dependency: "direct main"
    description:
      name: custom_rating_bar
      sha256: e4fd8385a09e1dfc74080e816525fa97da9208ccc47512ac0ee5c9e97a96680f
      url: "https://pub.dev"
    source: hosted
    version: "2.0.5"
  dart_sort_queue:
    dependency: transitive
    description:
      name: dart_sort_queue
      sha256: f3353ba8b4850e072d3368757f62edb79af34a9703c3e3df9c59342721f5f5b1
      url: "https://pub.dev"
    source: hosted
    version: "0.0.2+3"
  desktop_webview_auth:
    dependency: transitive
    description:
      name: desktop_webview_auth
      sha256: f90d9fa88344fb1446d4f876ee2a12d07f4345f96fdb787d3ce1c76bd9d41feb
      url: "https://pub.dev"
    source: hosted
    version: "0.0.13"
  email_validator:
    dependency: transitive
    description:
      name: email_validator
      sha256: e9a90f27ab2b915a27d7f9c2a7ddda5dd752d6942616ee83529b686fc086221b
      url: "https://pub.dev"
    source: hosted
    version: "2.1.17"
  english_words:
    dependency: "direct main"
    description:
      name: english_words
      sha256: "6a7ef6473a97bd8571b6b641d006a6e58a7c67e65fb6f3d6d1151cb46b0e983c"
      url: "https://pub.dev"
    source: hosted
    version: "4.0.0"
  enum_to_string:
    dependency: transitive
    description:
      name: enum_to_string
      sha256: bd9e83a33b754cb43a75b36a9af2a0b92a757bfd9847d2621ca0b1bed45f8e7a
      url: "https://pub.dev"
    source: hosted
    version: "2.0.1"
  fake_async:
    dependency: transitive
    description:
      name: fake_async
      sha256: "511392330127add0b769b75a987850d136345d9227c6b94c96a04cf4a391bf78"
      url: "https://pub.dev"
    source: hosted
    version: "1.3.1"
  file_selector_linux:
    dependency: transitive
    description:
      name: file_selector_linux
      sha256: "770eb1ab057b5ae4326d1c24cc57710758b9a46026349d021d6311bd27580046"
      url: "https://pub.dev"
    source: hosted
    version: "0.9.2"
  file_selector_macos:
    dependency: transitive
    description:
      name: file_selector_macos
      sha256: "7a6f1ae6107265664f3f7f89a66074882c4d506aef1441c9af313c1f7e6f41ce"
      url: "https://pub.dev"
    source: hosted
    version: "0.9.3"
  file_selector_platform_interface:
    dependency: transitive
    description:
      name: file_selector_platform_interface
      sha256: "412705a646a0ae90f33f37acfae6a0f7cbc02222d6cd34e479421c3e74d3853c"
      url: "https://pub.dev"
    source: hosted
    version: "2.6.0"
  file_selector_windows:
    dependency: transitive
    description:
      name: file_selector_windows
      sha256: "1372760c6b389842b77156203308940558a2817360154084368608413835fc26"
      url: "https://pub.dev"
    source: hosted
    version: "0.9.3"
  firebase_auth:
    dependency: "direct main"
    description:
      name: firebase_auth
      sha256: f693c0aa998b1101453878951b171b69f0db5199003df1c943b33493a1de7917
      url: "https://pub.dev"
    source: hosted
    version: "4.6.3"
  firebase_auth_platform_interface:
    dependency: transitive
    description:
      name: firebase_auth_platform_interface
      sha256: "689ae048b78ad088ba31acdec45f5badb56201e749ed8b534947a7303ddb32aa"
      url: "https://pub.dev"
    source: hosted
    version: "6.15.3"
  firebase_auth_web:
    dependency: transitive
    description:
      name: firebase_auth_web
      sha256: f35d637a1707afd51f30090bb5234b381d5071ccbfef09b8c393bc7c65e440cd
      url: "https://pub.dev"
    source: hosted
    version: "5.5.3"
  firebase_core:
    dependency: "direct main"
    description:
      name: firebase_core
      sha256: a4a99204da264a0aa9d54a332ea0315ce7b0768075139c77abefe98093dd98be
      url: "https://pub.dev"
    source: hosted
    version: "2.14.0"
  firebase_core_platform_interface:
    dependency: transitive
    description:
      name: firebase_core_platform_interface
      sha256: b63e3be6c96ef5c33bdec1aab23c91eb00696f6452f0519401d640938c94cba2
      url: "https://pub.dev"
    source: hosted
    version: "4.8.0"
  firebase_core_web:
    dependency: transitive
    description:
      name: firebase_core_web
      sha256: "0fd5c4b228de29b55fac38aed0d9e42514b3d3bd47675de52bf7f8fccaf922fa"
      url: "https://pub.dev"
    source: hosted
    version: "2.6.0"
  firebase_database:
    dependency: transitive
    description:
      name: firebase_database
      sha256: "36699bda00feb31433606f034078c690f148c15a4721b351a83c796ba4bba4e7"
      url: "https://pub.dev"
    source: hosted
    version: "10.2.3"
  firebase_database_platform_interface:
    dependency: transitive
    description:
      name: firebase_database_platform_interface
      sha256: "8bd62f80b51d71a81087a33fe2e2a868fb818a6e33b319a137a7bcb35dec262d"
      url: "https://pub.dev"
    source: hosted
    version: "0.2.5+3"
  firebase_database_web:
    dependency: transitive
    description:
      name: firebase_database_web
      sha256: "05e6b0c2a192569cd5ce2be4a708756ca9f56e4c7b6fe1916f0f9d96a826f235"
      url: "https://pub.dev"
    source: hosted
    version: "0.2.3+3"
  firebase_dynamic_links:
    dependency: transitive
    description:
      name: firebase_dynamic_links
      sha256: "9b984d0abd227a702451a997abcca763f4dbf67e260dad60e5506d55e3eff244"
      url: "https://pub.dev"
    source: hosted
    version: "5.3.3"
  firebase_dynamic_links_platform_interface:
    dependency: transitive
    description:
      name: firebase_dynamic_links_platform_interface
      sha256: "6ef00a0be18f3231e9727f7c4b31db89dbfa16792098beb850603c30854560ff"
      url: "https://pub.dev"
    source: hosted
    version: "0.2.6+3"
  firebase_storage:
    dependency: "direct main"
    description:
      name: firebase_storage
      sha256: "195ae2b623ba054b9be3934c79bf6282831ca15a81cfd392841feea930e50253"
      url: "https://pub.dev"
    source: hosted
    version: "11.2.4"
  firebase_storage_platform_interface:
    dependency: transitive
    description:
      name: firebase_storage_platform_interface
      sha256: be0f4254cae3ccaefd5d1435b82c1fa3bda33187387b241c55b27d7516ea9b93
      url: "https://pub.dev"
    source: hosted
    version: "4.4.3"
  firebase_storage_web:
    dependency: transitive
    description:
      name: firebase_storage_web
      sha256: f02c63c871deb36180b39a5fab1ee5b2677a01fa0fb642746ca62ae7f9d1a482
      url: "https://pub.dev"
    source: hosted
    version: "3.6.4"
  firebase_ui_auth:
    dependency: "direct main"
    description:
      name: firebase_ui_auth
      sha256: "833f5f051a6847850e5d1f1063f46cf3c7f73134a70601a95209f253ff16d082"
      url: "https://pub.dev"
    source: hosted
    version: "1.4.0"
  firebase_ui_localizations:
    dependency: transitive
    description:
      name: firebase_ui_localizations
      sha256: b13be7432af3eed2ff6f2ed1c55a9afc32ffa7376fcada9e16be055fad6415ed
      url: "https://pub.dev"
    source: hosted
    version: "1.5.0"
  firebase_ui_oauth:
    dependency: transitive
    description:
      name: firebase_ui_oauth
      sha256: a4fb87bba54f9531a3fbdbe7e97d2c07664764d4fe0eee622474f35cf2be0da7
      url: "https://pub.dev"
    source: hosted
    version: "1.4.0"
  firebase_ui_shared:
    dependency: transitive
    description:
      name: firebase_ui_shared
      sha256: "6f36f067d955d41591aacf68aafbaec7053571f2f6ed495da8bfa803f7c633b7"
      url: "https://pub.dev"
    source: hosted
    version: "1.3.0"
  flutter:
    dependency: "direct main"
    description: flutter
    source: sdk
    version: "0.0.0"
  flutter_facebook_auth:
    dependency: transitive
    description:
      name: flutter_facebook_auth
      sha256: "50dc3eef562acbe1e4cfad478053c9c16f9eaac49ad14ec48f00ed9dae1ba0cd"
      url: "https://pub.dev"
    source: hosted
    version: "4.4.1+1"
  flutter_facebook_auth_platform_interface:
    dependency: transitive
    description:
      name: flutter_facebook_auth_platform_interface
      sha256: "7950f5f8a6f2270c5d29af2a514733987db1191f70838fa777b282e47365f8c8"
      url: "https://pub.dev"
    source: hosted
    version: "3.2.0"
  flutter_facebook_auth_web:
    dependency: transitive
    description:
      name: flutter_facebook_auth_web
      sha256: "0f732e968c929a3c11a215ded802557576230ff0a0794c88941a8e92ff07b2eb"
      url: "https://pub.dev"
    source: hosted
    version: "3.2.0"
  flutter_lints:
    dependency: "direct dev"
    description:
      name: flutter_lints
      sha256: "2118df84ef0c3ca93f96123a616ae8540879991b8b57af2f81b76a7ada49b2a4"
      url: "https://pub.dev"
    source: hosted
    version: "2.0.2"
  flutter_localizations:
    dependency: transitive
    description: flutter
    source: sdk
    version: "0.0.0"
  flutter_plugin_android_lifecycle:
    dependency: transitive
    description:
      name: flutter_plugin_android_lifecycle
      sha256: "950e77c2bbe1692bc0874fc7fb491b96a4dc340457f4ea1641443d0a6c1ea360"
      url: "https://pub.dev"
    source: hosted
    version: "2.0.15"
  flutter_svg:
    dependency: transitive
    description:
      name: flutter_svg
      sha256: "6ff9fa12892ae074092de2fa6a9938fb21dbabfdaa2ff57dc697ff912fc8d4b2"
      url: "https://pub.dev"
    source: hosted
    version: "1.1.6"
  flutter_test:
    dependency: "direct dev"
    description: flutter
    source: sdk
    version: "0.0.0"
  flutter_web_plugins:
    dependency: transitive
    description: flutter
    source: sdk
    version: "0.0.0"
  flutterfire_ui:
    dependency: "direct main"
    description:
      name: flutterfire_ui
      sha256: "631ac0a39b3e24564aba7d2604a756aa884959f47ddf4f952b592f4b1c981c05"
      url: "https://pub.dev"
    source: hosted
    version: "0.4.3+20"
  google_sign_in:
    dependency: transitive
    description:
      name: google_sign_in
      sha256: "821f354c053d51a2d417b02d42532a19a6ea8057d2f9ebb8863c07d81c98aaf9"
      url: "https://pub.dev"
    source: hosted
    version: "5.4.4"
  google_sign_in_android:
    dependency: transitive
    description:
      name: google_sign_in_android
      sha256: f58a17ac07d783d000786a6c313fa4a0d2ee599a346d69b24fc48fb378d5d150
      url: "https://pub.dev"
    source: hosted
    version: "6.1.16"
  google_sign_in_ios:
    dependency: transitive
    description:
      name: google_sign_in_ios
      sha256: "6ec0e13a4c5c646471b9f6a25ceb3ae76d339889d4c0f79b729bf0714215a63e"
      url: "https://pub.dev"
    source: hosted
    version: "5.6.2"
  google_sign_in_platform_interface:
    dependency: transitive
    description:
      name: google_sign_in_platform_interface
      sha256: e69553c0fc6a76216e9d06a8c3767e291ad9be42171f879aab7ab708569d4393
      url: "https://pub.dev"
    source: hosted
    version: "2.4.1"
  google_sign_in_web:
    dependency: transitive
    description:
      name: google_sign_in_web
      sha256: "75cc41ebc53b1756320ee14d9c3018ad3e6cea298147dbcd86e9d0c8d6720b40"
      url: "https://pub.dev"
    source: hosted
    version: "0.10.2+1"
  http:
    dependency: transitive
    description:
      name: http
      sha256: "759d1a329847dd0f39226c688d3e06a6b8679668e350e2891a6474f8b4bb8525"
      url: "https://pub.dev"
    source: hosted
    version: "1.1.0"
  http_parser:
    dependency: transitive
    description:
      name: http_parser
      sha256: "2aa08ce0341cc9b354a498388e30986515406668dbcc4f7c950c3e715496693b"
      url: "https://pub.dev"
    source: hosted
    version: "4.0.2"
  image_picker:
    dependency: "direct main"
    description:
      name: image_picker
      sha256: b6951e25b795d053a6ba03af5f710069c99349de9341af95155d52665cb4607c
      url: "https://pub.dev"
    source: hosted
    version: "0.8.9"
  image_picker_android:
    dependency: transitive
    description:
      name: image_picker_android
      sha256: d2bab152deb2547ea6f53d82ebca9b7e77386bb706e5789e815d37e08ea475bb
      url: "https://pub.dev"
    source: hosted
    version: "0.8.7+3"
  image_picker_for_web:
    dependency: transitive
    description:
      name: image_picker_for_web
      sha256: "869fe8a64771b7afbc99fc433a5f7be2fea4d1cb3d7c11a48b6b579eb9c797f0"
      url: "https://pub.dev"
    source: hosted
    version: "2.2.0"
  image_picker_ios:
    dependency: transitive
    description:
      name: image_picker_ios
      sha256: b3e2f21feb28b24dd73a35d7ad6e83f568337c70afab5eabac876e23803f264b
      url: "https://pub.dev"
    source: hosted
    version: "0.8.8"
  image_picker_linux:
    dependency: transitive
    description:
      name: image_picker_linux
      sha256: "02cbc21fe1706b97942b575966e5fbbeaac535e76deef70d3a242e4afb857831"
      url: "https://pub.dev"
    source: hosted
    version: "0.2.1"
  image_picker_macos:
    dependency: transitive
    description:
      name: image_picker_macos
      sha256: cee2aa86c56780c13af2c77b5f2f72973464db204569e1ba2dd744459a065af4
      url: "https://pub.dev"
    source: hosted
    version: "0.2.1"
  image_picker_platform_interface:
    dependency: transitive
    description:
      name: image_picker_platform_interface
      sha256: "7c7b96bb9413a9c28229e717e6fd1e3edd1cc5569c1778fcca060ecf729b65ee"
      url: "https://pub.dev"
    source: hosted
    version: "2.8.0"
  image_picker_windows:
    dependency: transitive
    description:
      name: image_picker_windows
      sha256: c3066601ea42113922232c7b7b3330a2d86f029f685bba99d82c30e799914952
      url: "https://pub.dev"
    source: hosted
    version: "0.2.1"
  intl:
    dependency: transitive
    description:
      name: intl
      sha256: d6f56758b7d3014a48af9701c085700aac781a92a87a62b1333b46d8879661cf
      url: "https://pub.dev"
    source: hosted
    version: "0.19.0"
  js:
    dependency: transitive
    description:
      name: js
      sha256: f2c445dce49627136094980615a031419f7f3eb393237e4ecd97ac15dea343f3
      url: "https://pub.dev"
    source: hosted
    version: "0.6.7"
  json_annotation:
    dependency: transitive
    description:
      name: json_annotation
      sha256: b10a7b2ff83d83c777edba3c6a0f97045ddadd56c944e1a23a3fdf43a1bf4467
      url: "https://pub.dev"
    source: hosted
    version: "4.8.1"
  leak_tracker:
    dependency: transitive
    description:
      name: leak_tracker
      sha256: "7f0df31977cb2c0b88585095d168e689669a2cc9b97c309665e3386f3e9d341a"
      url: "https://pub.dev"
    source: hosted
    version: "10.0.4"
  leak_tracker_flutter_testing:
    dependency: transitive
    description:
      name: leak_tracker_flutter_testing
      sha256: "06e98f569d004c1315b991ded39924b21af84cf14cc94791b8aea337d25b57f8"
      url: "https://pub.dev"
    source: hosted
    version: "3.0.3"
  leak_tracker_testing:
    dependency: transitive
    description:
      name: leak_tracker_testing
      sha256: "6ba465d5d76e67ddf503e1161d1f4a6bc42306f9d66ca1e8f079a47290fb06d3"
      url: "https://pub.dev"
    source: hosted
    version: "3.0.1"
  lints:
    dependency: transitive
    description:
      name: lints
      sha256: "0a217c6c989d21039f1498c3ed9f3ed71b354e69873f13a8dfc3c9fe76f1b452"
      url: "https://pub.dev"
    source: hosted
    version: "2.1.1"
  location:
    dependency: "direct main"
    description:
      name: location
      sha256: "9051959f6f2ccadd887b28b66e9cbbcc25b6838e37cf9e894c421ccc0ebf80b5"
      url: "https://pub.dev"
    source: hosted
    version: "4.4.0"
  location_platform_interface:
    dependency: transitive
    description:
      name: location_platform_interface
      sha256: "62eeaf1658e92e4459b727f55a3c328eccbac8ba043fa6d262ac5286ad48384c"
      url: "https://pub.dev"
    source: hosted
    version: "2.3.0"
  location_web:
    dependency: transitive
    description:
      name: location_web
      sha256: "6c08c408a040534c0269c4ff9fe17eebb5a36dea16512fbaf116b9c8bc21545b"
      url: "https://pub.dev"
    source: hosted
    version: "3.1.1"
  mapbox_maps_flutter:
    dependency: "direct main"
    description:
      name: mapbox_maps_flutter
      sha256: "7b60bb473d9a962d20690f71456520abd3bd2003d5728cd2347f3326139b3ca0"
      url: "https://pub.dev"
    source: hosted
    version: "0.4.4"
  matcher:
    dependency: transitive
    description:
      name: matcher
      sha256: d2323aa2060500f906aa31a895b4030b6da3ebdcc5619d14ce1aada65cd161cb
      url: "https://pub.dev"
    source: hosted
    version: "0.12.16+1"
  material_color_utilities:
    dependency: transitive
    description:
      name: material_color_utilities
      sha256: "0e0a020085b65b6083975e499759762399b4475f766c21668c4ecca34ea74e5a"
      url: "https://pub.dev"
    source: hosted
    version: "0.8.0"
  meta:
    dependency: transitive
    description:
      name: meta
      sha256: "7687075e408b093f36e6bbf6c91878cc0d4cd10f409506f7bc996f68220b9136"
      url: "https://pub.dev"
    source: hosted
    version: "1.12.0"
  mime:
    dependency: transitive
    description:
      name: mime
      sha256: e4ff8e8564c03f255408decd16e7899da1733852a9110a58fe6d1b817684a63e
      url: "https://pub.dev"
    source: hosted
    version: "1.0.4"
  nested:
    dependency: transitive
    description:
      name: nested
      sha256: "03bac4c528c64c95c722ec99280375a6f2fc708eec17c7b3f07253b626cd2a20"
      url: "https://pub.dev"
    source: hosted
    version: "1.0.0"
  path:
    dependency: transitive
    description:
      name: path
      sha256: "087ce49c3f0dc39180befefc60fdb4acd8f8620e5682fe2476afd0b3688bb4af"
      url: "https://pub.dev"
    source: hosted
    version: "1.9.0"
  path_drawing:
    dependency: transitive
    description:
      name: path_drawing
      sha256: bbb1934c0cbb03091af082a6389ca2080345291ef07a5fa6d6e078ba8682f977
      url: "https://pub.dev"
    source: hosted
    version: "1.0.1"
  path_parsing:
    dependency: transitive
    description:
      name: path_parsing
      sha256: e3e67b1629e6f7e8100b367d3db6ba6af4b1f0bb80f64db18ef1fbabd2fa9ccf
      url: "https://pub.dev"
    source: hosted
    version: "1.0.1"
  permission_handler:
    dependency: "direct main"
    description:
      name: permission_handler
      sha256: "1b6b3e73f0bcbc856548bbdfb1c33084a401c4f143e220629a9055233d76c331"
      url: "https://pub.dev"
    source: hosted
    version: "10.3.0"
  permission_handler_android:
    dependency: transitive
    description:
      name: permission_handler_android
      sha256: "8f6a95ccbca13766882f95d32684d7c9bfe6c45650c32bedba948ef1c6a4ddf7"
      url: "https://pub.dev"
    source: hosted
    version: "10.2.3"
  permission_handler_apple:
    dependency: transitive
    description:
      name: permission_handler_apple
      sha256: "08dcb6ce628ac0b257e429944b4c652c2a4e6af725bdf12b498daa2c6b2b1edb"
      url: "https://pub.dev"
    source: hosted
    version: "9.1.0"
  permission_handler_platform_interface:
    dependency: transitive
    description:
      name: permission_handler_platform_interface
      sha256: de20a5c3269229c1ae2e5a6b822f6cb59578b23e8255c93fbeebfc82116e6b11
      url: "https://pub.dev"
    source: hosted
    version: "3.10.0"
  permission_handler_windows:
    dependency: transitive
    description:
      name: permission_handler_windows
      sha256: f67cab14b4328574938ecea2db3475dad7af7ead6afab6338772c5f88963e38b
      url: "https://pub.dev"
    source: hosted
    version: "0.1.2"
  petitparser:
    dependency: transitive
    description:
      name: petitparser
      sha256: cb3798bef7fc021ac45b308f4b51208a152792445cce0448c9a4ba5879dd8750
      url: "https://pub.dev"
    source: hosted
    version: "5.4.0"
  plugin_platform_interface:
    dependency: transitive
    description:
      name: plugin_platform_interface
      sha256: "6a2128648c854906c53fa8e33986fc0247a1116122f9534dd20e3ab9e16a32bc"
      url: "https://pub.dev"
    source: hosted
    version: "2.1.4"
  provider:
    dependency: "direct main"
    description:
      name: provider
      sha256: cdbe7530b12ecd9eb455bdaa2fcb8d4dad22e80b8afb4798b41479d5ce26847f
      url: "https://pub.dev"
    source: hosted
    version: "6.0.5"
  quiver:
    dependency: transitive
    description:
      name: quiver
      sha256: b1c1ac5ce6688d77f65f3375a9abb9319b3cb32486bdc7a1e0fdf004d7ba4e47
      url: "https://pub.dev"
    source: hosted
    version: "3.2.1"
  rbush:
    dependency: transitive
    description:
      name: rbush
      sha256: f86e54440608969be381a60eefaaa2e76010d90f4c3189e164d4e0ed2caf7172
      url: "https://pub.dev"
    source: hosted
    version: "1.1.0"
  sign_in_with_apple:
    dependency: transitive
    description:
      name: sign_in_with_apple
      sha256: "54791280a9b4c233c3a85027c936690f77e2406fd0ffd6e1e0ac92338448d6b5"
      url: "https://pub.dev"
    source: hosted
    version: "3.3.0"
  sign_in_with_apple_platform_interface:
    dependency: transitive
    description:
      name: sign_in_with_apple_platform_interface
      sha256: a5883edee09ed6be19de19e7d9f618a617fe41a6fa03f76d082dfb787e9ea18d
      url: "https://pub.dev"
    source: hosted
    version: "1.0.0"
  sign_in_with_apple_web:
    dependency: transitive
    description:
      name: sign_in_with_apple_web
      sha256: "44b66528f576e77847c14999d5e881e17e7223b7b0625a185417829e5306f47a"
      url: "https://pub.dev"
    source: hosted
    version: "1.0.1"
  sky_engine:
    dependency: transitive
    description: flutter
    source: sdk
    version: "0.0.99"
  source_span:
    dependency: transitive
    description:
      name: source_span
      sha256: "53e943d4206a5e30df338fd4c6e7a077e02254531b138a15aec3bd143c1a8b3c"
      url: "https://pub.dev"
    source: hosted
    version: "1.10.0"
  stack_trace:
    dependency: transitive
    description:
      name: stack_trace
      sha256: "73713990125a6d93122541237550ee3352a2d84baad52d375a4cad2eb9b7ce0b"
      url: "https://pub.dev"
    source: hosted
    version: "1.11.1"
  stream_channel:
    dependency: transitive
    description:
      name: stream_channel
      sha256: ba2aa5d8cc609d96bbb2899c28934f9e1af5cddbd60a827822ea467161eb54e7
      url: "https://pub.dev"
    source: hosted
    version: "2.1.2"
  string_scanner:
    dependency: transitive
    description:
      name: string_scanner
      sha256: "556692adab6cfa87322a115640c11f13cb77b3f076ddcc5d6ae3c20242bedcde"
      url: "https://pub.dev"
    source: hosted
    version: "1.2.0"
  sweepline_intersections:
    dependency: transitive
    description:
      name: sweepline_intersections
      sha256: "924fce1b02b9783fae5ca33ba4f2cc33743b0422b8b829fac60bcd3717a69afb"
      url: "https://pub.dev"
    source: hosted
    version: "0.0.3+2"
  term_glyph:
    dependency: transitive
    description:
      name: term_glyph
      sha256: a29248a84fbb7c79282b40b8c72a1209db169a2e0542bce341da992fe1bc7e84
      url: "https://pub.dev"
    source: hosted
    version: "1.2.1"
  test_api:
    dependency: transitive
    description:
      name: test_api
      sha256: "9955ae474176f7ac8ee4e989dadfb411a58c30415bcfb648fa04b2b8a03afa7f"
      url: "https://pub.dev"
    source: hosted
    version: "0.7.0"
  turf:
    dependency: transitive
    description:
      name: turf
      sha256: "2be48cc7ed7e9acccaeee18e06d1ce183f3f7eee7abc0622371880951d41a0d6"
      url: "https://pub.dev"
    source: hosted
    version: "0.0.8"
  turf_equality:
    dependency: transitive
    description:
      name: turf_equality
      sha256: "2ae3b117afd5fb134412a245a883589cae80d9d9472c587f754a0c34f82fa1b9"
      url: "https://pub.dev"
    source: hosted
    version: "0.0.2"
  turf_pip:
    dependency: transitive
    description:
      name: turf_pip
      sha256: "2b33d14ad979e4c33a4f01949b62510356d28037062bd45b60752e4dec9e7dd1"
      url: "https://pub.dev"
    source: hosted
    version: "0.0.1+1"
  twitter_login:
    dependency: transitive
    description:
      name: twitter_login
      sha256: b817207feee154e25c10c328901b4b873ab0e343f63e5fa32115c25ceb4ca8a4
      url: "https://pub.dev"
    source: hosted
    version: "4.4.1"
  typed_data:
    dependency: transitive
    description:
      name: typed_data
      sha256: facc8d6582f16042dd49f2463ff1bd6e2c9ef9f3d5da3d9b087e244a7b564b3c
      url: "https://pub.dev"
    source: hosted
    version: "1.3.2"
  vector_math:
    dependency: transitive
    description:
      name: vector_math
      sha256: "80b3257d1492ce4d091729e3a67a60407d227c27241d6927be0130c98e741803"
      url: "https://pub.dev"
    source: hosted
    version: "2.1.4"
  vm_service:
    dependency: transitive
    description:
      name: vm_service
      sha256: "3923c89304b715fb1eb6423f017651664a03bf5f4b29983627c4da791f74a4ec"
      url: "https://pub.dev"
    source: hosted
    version: "14.2.1"
  xml:
    dependency: transitive
    description:
      name: xml
      sha256: "5bc72e1e45e941d825fd7468b9b4cc3b9327942649aeb6fc5cdbf135f0a86e84"
      url: "https://pub.dev"
    source: hosted
    version: "6.3.0"
sdks:
  dart: ">=3.3.0 <4.0.0"
  flutter: ">=3.18.0-18.0.pre.54"
